
Microsoft Visual Studio Solution File, Format Version 12.00
# Visual Studio Version 17
VisualStudioVersion = 17.8.34330.188
MinimumVisualStudioVersion = 10.0.40219.1
Project("{FAE04EC0-301F-11D3-BF4B-00C04F79EFBC}") = "Issue_Editor", "Issue_Editor\Issue_Editor.csproj", "{1CF9DBC7-1FCB-4CFB-8AE9-6B6E02B93CCF}"
EndProject
Global
	GlobalSection(SolutionConfigurationPlatforms) = preSolution
		Debug|Any CPU = Debug|Any CPU
		Release|Any CPU = Release|Any CPU
	EndGlobalSection
	GlobalSection(ProjectConfigurationPlatforms) = postSolution
		{1CF9DBC7-1FCB-4CFB-8AE9-6B6E02B93CCF}.Debug|Any CPU.ActiveCfg = Debug|Any CPU
		{1CF9DBC7-1FCB-4CFB-8AE9-6B6E02B93CCF}.Debug|Any CPU.Build.0 = Debug|Any CPU
		{1CF9DBC7-1FCB-4CFB-8AE9-6B6E02B93CCF}.Release|Any CPU.ActiveCfg = Release|Any CPU
		{1CF9DBC7-1FCB-4CFB-8AE9-6B6E02B93CCF}.Release|Any CPU.Build.0 = Release|Any CPU
	EndGlobalSection
	GlobalSection(SolutionProperties) = preSolution
		HideSolutionNode = FALSE
	EndGlobalSection
	GlobalSection(ExtensibilityGlobals) = postSolution
		SolutionGuid = {2D47A958-5E42-4516-9A6A-43EB609E664D}
	EndGlobalSection
EndGlobal
